
Microsoft Visual Studio Solution File, Format Version 12.00
# Visual Studio Version 17
VisualStudioVersion = 17.0.31903.59
MinimumVisualStudioVersion = 10.0.40219.1
Project("{2150E333-8FDC-42A3-9474-1A3956D46DE8}") = "src", "src", "{827E0CD3-B72D-47B6-A68D-7590B98EB39B}"
EndProject
Project("{2150E333-8FDC-42A3-9474-1A3956D46DE8}") = "Infrastructure", "Infrastructure", "{8A51B04C-2636-BC03-B3C4-2AB7C54748BA}"
EndProject
Project("{FAE04EC0-301F-11D3-BF4B-00C04F79EFBC}") = "Ecommerce.Infrastructure", "src\Infrastructure\Ecommerce.Infrastructure.csproj", "{F3B1859C-C623-47BF-8F10-87BCF3EFE5E3}"
EndProject
Project("{2150E333-8FDC-42A3-9474-1A3956D46DE8}") = "Core", "Core", "{8D626EA8-CB54-BC41-363A-217881BEBA6E}"
EndProject
Project("{FAE04EC0-301F-11D3-BF4B-00C04F79EFBC}") = "Ecommerce.Domain", "src\Core\Ecommerce.Domain\Ecommerce.Domain.csproj", "{F7F2B2A9-AF4B-4407-8B47-8089691CEDCF}"
EndProject
Project("{FAE04EC0-301F-11D3-BF4B-00C04F79EFBC}") = "Ecommerce.Application", "src\Core\Ecommerce.Application\Ecommerce.Application.csproj", "{D30A6B8D-7D9A-4FA2-A15E-2C5203E77581}"
EndProject
Project("{2150E333-8FDC-42A3-9474-1A3956D46DE8}") = "Api", "Api", "{81034408-37C8-1011-444E-4C15C2FADA8E}"
EndProject
Project("{FAE04EC0-301F-11D3-BF4B-00C04F79EFBC}") = "Ecommerce.Api", "src\Api\Ecommerce.Api.csproj", "{117D1F3F-B32F-476B-8036-CE0BE13266C0}"
EndProject
Global
	GlobalSection(SolutionConfigurationPlatforms) = preSolution
		Debug|Any CPU = Debug|Any CPU
		Debug|x64 = Debug|x64
		Debug|x86 = Debug|x86
		Release|Any CPU = Release|Any CPU
		Release|x64 = Release|x64
		Release|x86 = Release|x86
	EndGlobalSection
	GlobalSection(ProjectConfigurationPlatforms) = postSolution
		{F3B1859C-C623-47BF-8F10-87BCF3EFE5E3}.Debug|Any CPU.ActiveCfg = Debug|Any CPU
		{F3B1859C-C623-47BF-8F10-87BCF3EFE5E3}.Debug|Any CPU.Build.0 = Debug|Any CPU
		{F3B1859C-C623-47BF-8F10-87BCF3EFE5E3}.Debug|x64.ActiveCfg = Debug|Any CPU
		{F3B1859C-C623-47BF-8F10-87BCF3EFE5E3}.Debug|x64.Build.0 = Debug|Any CPU
		{F3B1859C-C623-47BF-8F10-87BCF3EFE5E3}.Debug|x86.ActiveCfg = Debug|Any CPU
		{F3B1859C-C623-47BF-8F10-87BCF3EFE5E3}.Debug|x86.Build.0 = Debug|Any CPU
		{F3B1859C-C623-47BF-8F10-87BCF3EFE5E3}.Release|Any CPU.ActiveCfg = Release|Any CPU
		{F3B1859C-C623-47BF-8F10-87BCF3EFE5E3}.Release|Any CPU.Build.0 = Release|Any CPU
		{F3B1859C-C623-47BF-8F10-87BCF3EFE5E3}.Release|x64.ActiveCfg = Release|Any CPU
		{F3B1859C-C623-47BF-8F10-87BCF3EFE5E3}.Release|x64.Build.0 = Release|Any CPU
		{F3B1859C-C623-47BF-8F10-87BCF3EFE5E3}.Release|x86.ActiveCfg = Release|Any CPU
		{F3B1859C-C623-47BF-8F10-87BCF3EFE5E3}.Release|x86.Build.0 = Release|Any CPU
		{F7F2B2A9-AF4B-4407-8B47-8089691CEDCF}.Debug|Any CPU.ActiveCfg = Debug|Any CPU
		{F7F2B2A9-AF4B-4407-8B47-8089691CEDCF}.Debug|Any CPU.Build.0 = Debug|Any CPU
		{F7F2B2A9-AF4B-4407-8B47-8089691CEDCF}.Debug|x64.ActiveCfg = Debug|Any CPU
		{F7F2B2A9-AF4B-4407-8B47-8089691CEDCF}.Debug|x64.Build.0 = Debug|Any CPU
		{F7F2B2A9-AF4B-4407-8B47-8089691CEDCF}.Debug|x86.ActiveCfg = Debug|Any CPU
		{F7F2B2A9-AF4B-4407-8B47-8089691CEDCF}.Debug|x86.Build.0 = Debug|Any CPU
		{F7F2B2A9-AF4B-4407-8B47-8089691CEDCF}.Release|Any CPU.ActiveCfg = Release|Any CPU
		{F7F2B2A9-AF4B-4407-8B47-8089691CEDCF}.Release|Any CPU.Build.0 = Release|Any CPU
		{F7F2B2A9-AF4B-4407-8B47-8089691CEDCF}.Release|x64.ActiveCfg = Release|Any CPU
		{F7F2B2A9-AF4B-4407-8B47-8089691CEDCF}.Release|x64.Build.0 = Release|Any CPU
		{F7F2B2A9-AF4B-4407-8B47-8089691CEDCF}.Release|x86.ActiveCfg = Release|Any CPU
		{F7F2B2A9-AF4B-4407-8B47-8089691CEDCF}.Release|x86.Build.0 = Release|Any CPU
		{D30A6B8D-7D9A-4FA2-A15E-2C5203E77581}.Debug|Any CPU.ActiveCfg = Debug|Any CPU
		{D30A6B8D-7D9A-4FA2-A15E-2C5203E77581}.Debug|Any CPU.Build.0 = Debug|Any CPU
		{D30A6B8D-7D9A-4FA2-A15E-2C5203E77581}.Debug|x64.ActiveCfg = Debug|Any CPU
		{D30A6B8D-7D9A-4FA2-A15E-2C5203E77581}.Debug|x64.Build.0 = Debug|Any CPU
		{D30A6B8D-7D9A-4FA2-A15E-2C5203E77581}.Debug|x86.ActiveCfg = Debug|Any CPU
		{D30A6B8D-7D9A-4FA2-A15E-2C5203E77581}.Debug|x86.Build.0 = Debug|Any CPU
		{D30A6B8D-7D9A-4FA2-A15E-2C5203E77581}.Release|Any CPU.ActiveCfg = Release|Any CPU
		{D30A6B8D-7D9A-4FA2-A15E-2C5203E77581}.Release|Any CPU.Build.0 = Release|Any CPU
		{D30A6B8D-7D9A-4FA2-A15E-2C5203E77581}.Release|x64.ActiveCfg = Release|Any CPU
		{D30A6B8D-7D9A-4FA2-A15E-2C5203E77581}.Release|x64.Build.0 = Release|Any CPU
		{D30A6B8D-7D9A-4FA2-A15E-2C5203E77581}.Release|x86.ActiveCfg = Release|Any CPU
		{D30A6B8D-7D9A-4FA2-A15E-2C5203E77581}.Release|x86.Build.0 = Release|Any CPU
		{117D1F3F-B32F-476B-8036-CE0BE13266C0}.Debug|Any CPU.ActiveCfg = Debug|Any CPU
		{117D1F3F-B32F-476B-8036-CE0BE13266C0}.Debug|Any CPU.Build.0 = Debug|Any CPU
		{117D1F3F-B32F-476B-8036-CE0BE13266C0}.Debug|x64.ActiveCfg = Debug|Any CPU
		{117D1F3F-B32F-476B-8036-CE0BE13266C0}.Debug|x64.Build.0 = Debug|Any CPU
		{117D1F3F-B32F-476B-8036-CE0BE13266C0}.Debug|x86.ActiveCfg = Debug|Any CPU
		{117D1F3F-B32F-476B-8036-CE0BE13266C0}.Debug|x86.Build.0 = Debug|Any CPU
		{117D1F3F-B32F-476B-8036-CE0BE13266C0}.Release|Any CPU.ActiveCfg = Release|Any CPU
		{117D1F3F-B32F-476B-8036-CE0BE13266C0}.Release|Any CPU.Build.0 = Release|Any CPU
		{117D1F3F-B32F-476B-8036-CE0BE13266C0}.Release|x64.ActiveCfg = Release|Any CPU
		{117D1F3F-B32F-476B-8036-CE0BE13266C0}.Release|x64.Build.0 = Release|Any CPU
		{117D1F3F-B32F-476B-8036-CE0BE13266C0}.Release|x86.ActiveCfg = Release|Any CPU
		{117D1F3F-B32F-476B-8036-CE0BE13266C0}.Release|x86.Build.0 = Release|Any CPU
	EndGlobalSection
	GlobalSection(SolutionProperties) = preSolution
		HideSolutionNode = FALSE
	EndGlobalSection
	GlobalSection(NestedProjects) = preSolution
		{8A51B04C-2636-BC03-B3C4-2AB7C54748BA} = {827E0CD3-B72D-47B6-A68D-7590B98EB39B}
		{F3B1859C-C623-47BF-8F10-87BCF3EFE5E3} = {8A51B04C-2636-BC03-B3C4-2AB7C54748BA}
		{8D626EA8-CB54-BC41-363A-217881BEBA6E} = {827E0CD3-B72D-47B6-A68D-7590B98EB39B}
		{F7F2B2A9-AF4B-4407-8B47-8089691CEDCF} = {8D626EA8-CB54-BC41-363A-217881BEBA6E}
		{D30A6B8D-7D9A-4FA2-A15E-2C5203E77581} = {8D626EA8-CB54-BC41-363A-217881BEBA6E}
		{81034408-37C8-1011-444E-4C15C2FADA8E} = {827E0CD3-B72D-47B6-A68D-7590B98EB39B}
		{117D1F3F-B32F-476B-8036-CE0BE13266C0} = {81034408-37C8-1011-444E-4C15C2FADA8E}
	EndGlobalSection
EndGlobal
